{
  "name": "passbolt_openapi_specs",
  "version": "1.0.0",
  "lockfileVersion": 1,
  "requires": true,
  "dependencies": {
    "swagger-ui-dist": {
      "version": "4.19.1",
      "resolved": "https://registry.npmjs.org/swagger-ui-dist/-/swagger-ui-dist-4.19.1.tgz",
      "integrity": "sha512-n/gFn+R7G/BXWwl5UZLw6F1YgWOlf3zkwGlsPhTMhNtAAolBGKg0JS5b2RKt5NI6/hSopVaSrki2wTIMUDDy2w=="
    }
  }
}
